
Microsoft Visual Studio Solution File, Format Version 12.00
# Visual Studio Version 16
VisualStudioVersion = 16.0.29613.14
MinimumVisualStudioVersion = 10.0.40219.1
Project("{FAE04EC0-301F-11D3-BF4B-00C04F79EFBC}") = "JaartaakVoetbal-Business", "JaartaakVoetbal-Business\JaartaakVoetbal-Business.csproj", "{8AB66523-F743-4E54-A6DA-AB2F534C743F}"
EndProject
Project("{FAE04EC0-301F-11D3-BF4B-00C04F79EFBC}") = "JaartaakVoetbal-Forms", "JaartaakVoetbal-Forms\JaartaakVoetbal-Forms.csproj", "{31681817-5BC6-4C21-B7F0-3D7E607039B8}"
EndProject
Global
	GlobalSection(SolutionConfigurationPlatforms) = preSolution
		Debug|Any CPU = Debug|Any CPU
		Release|Any CPU = Release|Any CPU
	EndGlobalSection
	GlobalSection(ProjectConfigurationPlatforms) = postSolution
		{8AB66523-F743-4E54-A6DA-AB2F534C743F}.Debug|Any CPU.ActiveCfg = Debug|Any CPU
		{8AB66523-F743-4E54-A6DA-AB2F534C743F}.Debug|Any CPU.Build.0 = Debug|Any CPU
		{8AB66523-F743-4E54-A6DA-AB2F534C743F}.Release|Any CPU.ActiveCfg = Release|Any CPU
		{8AB66523-F743-4E54-A6DA-AB2F534C743F}.Release|Any CPU.Build.0 = Release|Any CPU
		{31681817-5BC6-4C21-B7F0-3D7E607039B8}.Debug|Any CPU.ActiveCfg = Debug|Any CPU
		{31681817-5BC6-4C21-B7F0-3D7E607039B8}.Debug|Any CPU.Build.0 = Debug|Any CPU
		{31681817-5BC6-4C21-B7F0-3D7E607039B8}.Release|Any CPU.ActiveCfg = Release|Any CPU
		{31681817-5BC6-4C21-B7F0-3D7E607039B8}.Release|Any CPU.Build.0 = Release|Any CPU
	EndGlobalSection
	GlobalSection(SolutionProperties) = preSolution
		HideSolutionNode = FALSE
	EndGlobalSection
	GlobalSection(ExtensibilityGlobals) = postSolution
		SolutionGuid = {177B3068-B7C9-40E2-8D0D-45816D43DD02}
	EndGlobalSection
EndGlobal
